
Microsoft Visual Studio Solution File, Format Version 12.00
# Visual Studio Version 16
VisualStudioVersion = 16.0.30611.23
MinimumVisualStudioVersion = 10.0.40219.1
Project("{FAE04EC0-301F-11D3-BF4B-00C04F79EFBC}") = "StringBuilder", "StringBuilder_ProjectDirectory\StringBuilder.csproj", "{1A8E77F9-88F5-4898-AEE0-643B59071A95}"
EndProject
Project("{FAE04EC0-301F-11D3-BF4B-00C04F79EFBC}") = "StringBuilder.Test", "StringBuilder.Test\StringBuilder.Test.csproj", "{CF9C981C-1FF0-479A-974C-DF14D4CFFBF2}"
EndProject
Global
	GlobalSection(SolutionConfigurationPlatforms) = preSolution
		Debug|Any CPU = Debug|Any CPU
		Release|Any CPU = Release|Any CPU
	EndGlobalSection
	GlobalSection(ProjectConfigurationPlatforms) = postSolution
		{1A8E77F9-88F5-4898-AEE0-643B59071A95}.Debug|Any CPU.ActiveCfg = Debug|Any CPU
		{1A8E77F9-88F5-4898-AEE0-643B59071A95}.Debug|Any CPU.Build.0 = Debug|Any CPU
		{1A8E77F9-88F5-4898-AEE0-643B59071A95}.Release|Any CPU.ActiveCfg = Release|Any CPU
		{1A8E77F9-88F5-4898-AEE0-643B59071A95}.Release|Any CPU.Build.0 = Release|Any CPU
		{CF9C981C-1FF0-479A-974C-DF14D4CFFBF2}.Debug|Any CPU.ActiveCfg = Debug|Any CPU
		{CF9C981C-1FF0-479A-974C-DF14D4CFFBF2}.Debug|Any CPU.Build.0 = Debug|Any CPU
		{CF9C981C-1FF0-479A-974C-DF14D4CFFBF2}.Release|Any CPU.ActiveCfg = Release|Any CPU
		{CF9C981C-1FF0-479A-974C-DF14D4CFFBF2}.Release|Any CPU.Build.0 = Release|Any CPU
	EndGlobalSection
	GlobalSection(SolutionProperties) = preSolution
		HideSolutionNode = FALSE
	EndGlobalSection
	GlobalSection(ExtensibilityGlobals) = postSolution
		SolutionGuid = {0D3C40F8-3550-41F8-A68E-AD64A8CFF285}
	EndGlobalSection
EndGlobal
